# Code generated by scarb DO NOT EDIT.
version = 1

[[package]]
name = "snforge_scarb_plugin"
version = "0.1.0"
source = "registry+https://scarbs.xyz/"
checksum = "sha256:422f4a6c5d5fd30e2d27e325212191c1aa6dc063ce62b8ea6a27f11b51c35a71"

[[package]]
name = "snforge_std"
version = "0.29.0"
source = "registry+https://scarbs.xyz/"
checksum = "sha256:1ca9d78c56888d36e8f080b19ffb41a09c9785e865637dd9cf172f6d2d0164a9"
dependencies = [
 "snforge_scarb_plugin",
]

[[package]]
name = "workshop"
version = "0.1.0"
dependencies = [
 "snforge_std",
]
